
Microsoft Visual Studio Solution File, Format Version 12.00
Project("{FAE04EC0-301F-11D3-BF4B-00C04F79EFBC}") = "Methods", "Methods\Methods.csproj", "{475EB56B-D707-488F-B166-2007204B897E}"
EndProject
Project("{FAE04EC0-301F-11D3-BF4B-00C04F79EFBC}") = "Fields", "Fields\Fields.csproj", "{D4EAECB3-68DC-4FA0-8704-700E87A02653}"
EndProject
Project("{FAE04EC0-301F-11D3-BF4B-00C04F79EFBC}") = "AccessModifiers", "AccessModifiers\AccessModifiers.csproj", "{FF648CD0-E390-4134-B793-5E6612E46D78}"
EndProject
Project("{FAE04EC0-301F-11D3-BF4B-00C04F79EFBC}") = "Properties", "Properties\Properties.csproj", "{0A2AE475-E5C2-4726-B25D-2D80DA42CE2A}"
EndProject
Project("{FAE04EC0-301F-11D3-BF4B-00C04F79EFBC}") = "Indexers", "Indexers\Indexers.csproj", "{5F4281AF-AA37-4BD9-9CDE-638DB410F3DF}"
EndProject
Project("{FAE04EC0-301F-11D3-BF4B-00C04F79EFBC}") = "Stopwatch", "Stopwatch\Stopwatch.csproj", "{FF95E8B3-0239-4DFC-9740-95798530DF23}"
EndProject
Project("{FAE04EC0-301F-11D3-BF4B-00C04F79EFBC}") = "StackOverflow", "StackOverflow\StackOverflow.csproj", "{7D6ACF94-3181-459B-B176-EB7BBAAEBF56}"
EndProject
Project("{2150E333-8FDC-42A3-9474-1A3956D46DE8}") = "ClassCoupling", "ClassCoupling", "{0CD23C3A-9AB8-431A-9AC1-36509D637B43}"
EndProject
Project("{FAE04EC0-301F-11D3-BF4B-00C04F79EFBC}") = "Inheritance", "Inheritance\Inheritance.csproj", "{76AE03C9-7EC4-43BC-A0A1-B753C8B820DE}"
EndProject
Project("{FAE04EC0-301F-11D3-BF4B-00C04F79EFBC}") = "Composition", "Composition\Composition.csproj", "{C8D8793C-6D14-4855-B539-6243B0A5A041}"
EndProject
Project("{2150E333-8FDC-42A3-9474-1A3956D46DE8}") = "Inheritance", "Inheritance", "{D6E00E2F-AFDC-4423-A781-24F882871082}"
EndProject
Project("{FAE04EC0-301F-11D3-BF4B-00C04F79EFBC}") = "AccessModifiers", "Inheritance\AccessModifiers\AccessModifiers.csproj", "{235FB72E-CC4B-414A-9DAF-8E43D6655BB3}"
EndProject
Project("{FAE04EC0-301F-11D3-BF4B-00C04F79EFBC}") = "Amazon", "Inheritance\Amazon\Amazon.csproj", "{0230AF6D-1C72-4F55-A5F8-2D57E6B675F0}"
EndProject
Project("{FAE04EC0-301F-11D3-BF4B-00C04F79EFBC}") = "Constructors", "Inheritance\Constructors\Constructors.csproj", "{7EB81785-B778-4056-8D80-E94C67546520}"
EndProject
Project("{FAE04EC0-301F-11D3-BF4B-00C04F79EFBC}") = "Casting", "Inheritance\Casting\Casting.csproj", "{53326F0D-62A1-40DD-B9A6-5F55547AEEB4}"
EndProject
Project("{FAE04EC0-301F-11D3-BF4B-00C04F79EFBC}") = "Boxing", "Inheritance\Boxing\Boxing.csproj", "{7C824F74-EAB8-4DBF-AE05-135EB8F691A6}"
EndProject
Project("{FAE04EC0-301F-11D3-BF4B-00C04F79EFBC}") = "Stack", "Inheritance\Stack\Stack.csproj", "{2C9CA15C-1238-414D-BBAA-1F8F636298AC}"
EndProject
Global
	GlobalSection(SolutionConfigurationPlatforms) = preSolution
		Debug|Any CPU = Debug|Any CPU
		Release|Any CPU = Release|Any CPU
	EndGlobalSection
	GlobalSection(ProjectConfigurationPlatforms) = postSolution
		{475EB56B-D707-488F-B166-2007204B897E}.Debug|Any CPU.ActiveCfg = Debug|Any CPU
		{475EB56B-D707-488F-B166-2007204B897E}.Debug|Any CPU.Build.0 = Debug|Any CPU
		{475EB56B-D707-488F-B166-2007204B897E}.Release|Any CPU.ActiveCfg = Release|Any CPU
		{475EB56B-D707-488F-B166-2007204B897E}.Release|Any CPU.Build.0 = Release|Any CPU
		{D4EAECB3-68DC-4FA0-8704-700E87A02653}.Debug|Any CPU.ActiveCfg = Debug|Any CPU
		{D4EAECB3-68DC-4FA0-8704-700E87A02653}.Debug|Any CPU.Build.0 = Debug|Any CPU
		{D4EAECB3-68DC-4FA0-8704-700E87A02653}.Release|Any CPU.ActiveCfg = Release|Any CPU
		{D4EAECB3-68DC-4FA0-8704-700E87A02653}.Release|Any CPU.Build.0 = Release|Any CPU
		{FF648CD0-E390-4134-B793-5E6612E46D78}.Debug|Any CPU.ActiveCfg = Debug|Any CPU
		{FF648CD0-E390-4134-B793-5E6612E46D78}.Debug|Any CPU.Build.0 = Debug|Any CPU
		{FF648CD0-E390-4134-B793-5E6612E46D78}.Release|Any CPU.ActiveCfg = Release|Any CPU
		{FF648CD0-E390-4134-B793-5E6612E46D78}.Release|Any CPU.Build.0 = Release|Any CPU
		{0A2AE475-E5C2-4726-B25D-2D80DA42CE2A}.Debug|Any CPU.ActiveCfg = Debug|Any CPU
		{0A2AE475-E5C2-4726-B25D-2D80DA42CE2A}.Debug|Any CPU.Build.0 = Debug|Any CPU
		{0A2AE475-E5C2-4726-B25D-2D80DA42CE2A}.Release|Any CPU.ActiveCfg = Release|Any CPU
		{0A2AE475-E5C2-4726-B25D-2D80DA42CE2A}.Release|Any CPU.Build.0 = Release|Any CPU
		{5F4281AF-AA37-4BD9-9CDE-638DB410F3DF}.Debug|Any CPU.ActiveCfg = Debug|Any CPU
		{5F4281AF-AA37-4BD9-9CDE-638DB410F3DF}.Debug|Any CPU.Build.0 = Debug|Any CPU
		{5F4281AF-AA37-4BD9-9CDE-638DB410F3DF}.Release|Any CPU.ActiveCfg = Release|Any CPU
		{5F4281AF-AA37-4BD9-9CDE-638DB410F3DF}.Release|Any CPU.Build.0 = Release|Any CPU
		{FF95E8B3-0239-4DFC-9740-95798530DF23}.Debug|Any CPU.ActiveCfg = Debug|Any CPU
		{FF95E8B3-0239-4DFC-9740-95798530DF23}.Debug|Any CPU.Build.0 = Debug|Any CPU
		{FF95E8B3-0239-4DFC-9740-95798530DF23}.Release|Any CPU.ActiveCfg = Release|Any CPU
		{FF95E8B3-0239-4DFC-9740-95798530DF23}.Release|Any CPU.Build.0 = Release|Any CPU
		{7D6ACF94-3181-459B-B176-EB7BBAAEBF56}.Debug|Any CPU.ActiveCfg = Debug|Any CPU
		{7D6ACF94-3181-459B-B176-EB7BBAAEBF56}.Debug|Any CPU.Build.0 = Debug|Any CPU
		{7D6ACF94-3181-459B-B176-EB7BBAAEBF56}.Release|Any CPU.ActiveCfg = Release|Any CPU
		{7D6ACF94-3181-459B-B176-EB7BBAAEBF56}.Release|Any CPU.Build.0 = Release|Any CPU
		{76AE03C9-7EC4-43BC-A0A1-B753C8B820DE}.Debug|Any CPU.ActiveCfg = Debug|Any CPU
		{76AE03C9-7EC4-43BC-A0A1-B753C8B820DE}.Debug|Any CPU.Build.0 = Debug|Any CPU
		{76AE03C9-7EC4-43BC-A0A1-B753C8B820DE}.Release|Any CPU.ActiveCfg = Release|Any CPU
		{76AE03C9-7EC4-43BC-A0A1-B753C8B820DE}.Release|Any CPU.Build.0 = Release|Any CPU
		{C8D8793C-6D14-4855-B539-6243B0A5A041}.Debug|Any CPU.ActiveCfg = Debug|Any CPU
		{C8D8793C-6D14-4855-B539-6243B0A5A041}.Debug|Any CPU.Build.0 = Debug|Any CPU
		{C8D8793C-6D14-4855-B539-6243B0A5A041}.Release|Any CPU.ActiveCfg = Release|Any CPU
		{C8D8793C-6D14-4855-B539-6243B0A5A041}.Release|Any CPU.Build.0 = Release|Any CPU
		{235FB72E-CC4B-414A-9DAF-8E43D6655BB3}.Debug|Any CPU.ActiveCfg = Debug|Any CPU
		{235FB72E-CC4B-414A-9DAF-8E43D6655BB3}.Debug|Any CPU.Build.0 = Debug|Any CPU
		{235FB72E-CC4B-414A-9DAF-8E43D6655BB3}.Release|Any CPU.ActiveCfg = Release|Any CPU
		{235FB72E-CC4B-414A-9DAF-8E43D6655BB3}.Release|Any CPU.Build.0 = Release|Any CPU
		{0230AF6D-1C72-4F55-A5F8-2D57E6B675F0}.Debug|Any CPU.ActiveCfg = Debug|Any CPU
		{0230AF6D-1C72-4F55-A5F8-2D57E6B675F0}.Debug|Any CPU.Build.0 = Debug|Any CPU
		{0230AF6D-1C72-4F55-A5F8-2D57E6B675F0}.Release|Any CPU.ActiveCfg = Release|Any CPU
		{0230AF6D-1C72-4F55-A5F8-2D57E6B675F0}.Release|Any CPU.Build.0 = Release|Any CPU
		{7EB81785-B778-4056-8D80-E94C67546520}.Debug|Any CPU.ActiveCfg = Debug|Any CPU
		{7EB81785-B778-4056-8D80-E94C67546520}.Debug|Any CPU.Build.0 = Debug|Any CPU
		{7EB81785-B778-4056-8D80-E94C67546520}.Release|Any CPU.ActiveCfg = Release|Any CPU
		{7EB81785-B778-4056-8D80-E94C67546520}.Release|Any CPU.Build.0 = Release|Any CPU
		{53326F0D-62A1-40DD-B9A6-5F55547AEEB4}.Debug|Any CPU.ActiveCfg = Debug|Any CPU
		{53326F0D-62A1-40DD-B9A6-5F55547AEEB4}.Debug|Any CPU.Build.0 = Debug|Any CPU
		{53326F0D-62A1-40DD-B9A6-5F55547AEEB4}.Release|Any CPU.ActiveCfg = Release|Any CPU
		{53326F0D-62A1-40DD-B9A6-5F55547AEEB4}.Release|Any CPU.Build.0 = Release|Any CPU
		{7C824F74-EAB8-4DBF-AE05-135EB8F691A6}.Debug|Any CPU.ActiveCfg = Debug|Any CPU
		{7C824F74-EAB8-4DBF-AE05-135EB8F691A6}.Debug|Any CPU.Build.0 = Debug|Any CPU
		{7C824F74-EAB8-4DBF-AE05-135EB8F691A6}.Release|Any CPU.ActiveCfg = Release|Any CPU
		{7C824F74-EAB8-4DBF-AE05-135EB8F691A6}.Release|Any CPU.Build.0 = Release|Any CPU
		{2C9CA15C-1238-414D-BBAA-1F8F636298AC}.Debug|Any CPU.ActiveCfg = Debug|Any CPU
		{2C9CA15C-1238-414D-BBAA-1F8F636298AC}.Debug|Any CPU.Build.0 = Debug|Any CPU
		{2C9CA15C-1238-414D-BBAA-1F8F636298AC}.Release|Any CPU.ActiveCfg = Release|Any CPU
		{2C9CA15C-1238-414D-BBAA-1F8F636298AC}.Release|Any CPU.Build.0 = Release|Any CPU
	EndGlobalSection
	GlobalSection(NestedProjects) = preSolution
		{76AE03C9-7EC4-43BC-A0A1-B753C8B820DE} = {0CD23C3A-9AB8-431A-9AC1-36509D637B43}
		{C8D8793C-6D14-4855-B539-6243B0A5A041} = {0CD23C3A-9AB8-431A-9AC1-36509D637B43}
		{235FB72E-CC4B-414A-9DAF-8E43D6655BB3} = {D6E00E2F-AFDC-4423-A781-24F882871082}
		{0230AF6D-1C72-4F55-A5F8-2D57E6B675F0} = {D6E00E2F-AFDC-4423-A781-24F882871082}
		{7EB81785-B778-4056-8D80-E94C67546520} = {D6E00E2F-AFDC-4423-A781-24F882871082}
		{53326F0D-62A1-40DD-B9A6-5F55547AEEB4} = {D6E00E2F-AFDC-4423-A781-24F882871082}
		{7C824F74-EAB8-4DBF-AE05-135EB8F691A6} = {D6E00E2F-AFDC-4423-A781-24F882871082}
		{2C9CA15C-1238-414D-BBAA-1F8F636298AC} = {D6E00E2F-AFDC-4423-A781-24F882871082}
	EndGlobalSection
EndGlobal
